
Microsoft Visual Studio Solution File, Format Version 12.00
# Visual Studio Version 17
VisualStudioVersion = 17.2.32630.192
MinimumVisualStudioVersion = 10.0.40219.1
Project("{FAE04EC0-301F-11D3-BF4B-00C04F79EFBC}") = "BlazorWasmWIndowsAuth.Server", "BlazorWasmWIndowsAuth\Server\BlazorWasmWIndowsAuth.Server.csproj", "{D2F1A7CD-ADE3-40A4-B03E-F3F1A9DEE0EA}"
EndProject
Project("{FAE04EC0-301F-11D3-BF4B-00C04F79EFBC}") = "BlazorWasmWIndowsAuth.Client", "BlazorWasmWIndowsAuth\Client\BlazorWasmWIndowsAuth.Client.csproj", "{6AB7375B-1901-4B5C-9226-D802648734FD}"
EndProject
Project("{FAE04EC0-301F-11D3-BF4B-00C04F79EFBC}") = "BlazorWasmWIndowsAuth.Shared", "BlazorWasmWIndowsAuth\Shared\BlazorWasmWIndowsAuth.Shared.csproj", "{535F0986-7F7C-4518-9409-DB2176245935}"
EndProject
Global
	GlobalSection(SolutionConfigurationPlatforms) = preSolution
		Debug|Any CPU = Debug|Any CPU
		Release|Any CPU = Release|Any CPU
	EndGlobalSection
	GlobalSection(ProjectConfigurationPlatforms) = postSolution
		{D2F1A7CD-ADE3-40A4-B03E-F3F1A9DEE0EA}.Debug|Any CPU.ActiveCfg = Debug|Any CPU
		{D2F1A7CD-ADE3-40A4-B03E-F3F1A9DEE0EA}.Debug|Any CPU.Build.0 = Debug|Any CPU
		{D2F1A7CD-ADE3-40A4-B03E-F3F1A9DEE0EA}.Release|Any CPU.ActiveCfg = Release|Any CPU
		{D2F1A7CD-ADE3-40A4-B03E-F3F1A9DEE0EA}.Release|Any CPU.Build.0 = Release|Any CPU
		{6AB7375B-1901-4B5C-9226-D802648734FD}.Debug|Any CPU.ActiveCfg = Debug|Any CPU
		{6AB7375B-1901-4B5C-9226-D802648734FD}.Debug|Any CPU.Build.0 = Debug|Any CPU
		{6AB7375B-1901-4B5C-9226-D802648734FD}.Release|Any CPU.ActiveCfg = Release|Any CPU
		{6AB7375B-1901-4B5C-9226-D802648734FD}.Release|Any CPU.Build.0 = Release|Any CPU
		{535F0986-7F7C-4518-9409-DB2176245935}.Debug|Any CPU.ActiveCfg = Debug|Any CPU
		{535F0986-7F7C-4518-9409-DB2176245935}.Debug|Any CPU.Build.0 = Debug|Any CPU
		{535F0986-7F7C-4518-9409-DB2176245935}.Release|Any CPU.ActiveCfg = Release|Any CPU
		{535F0986-7F7C-4518-9409-DB2176245935}.Release|Any CPU.Build.0 = Release|Any CPU
	EndGlobalSection
	GlobalSection(SolutionProperties) = preSolution
		HideSolutionNode = FALSE
	EndGlobalSection
	GlobalSection(ExtensibilityGlobals) = postSolution
		SolutionGuid = {C7C50917-F281-4215-8AC1-9BD1103716AE}
	EndGlobalSection
EndGlobal
